// !$*UTF8*$!
{
	archiveVersion = 1;
	classes = {
	};
	objectVersion = 77;
	objects = {

/* Begin PBXBuildFile section */
		646EEC872CD5E1ED0003CD85 /* iRoutes.framework in Frameworks */ = {isa = PBXBuildFile; fileRef = 646EEC7F2CD5E1ED0003CD85 /* iRoutes.framework */; };
/* End PBXBuildFile section */

/* Begin PBXContainerItemProxy section */
		646EEC882CD5E1ED0003CD85 /* PBXContainerItemProxy */ = {
			isa = PBXContainerItemProxy;
			containerPortal = 64651E1D2CD5DB3200ACB799 /* Project object */;
			proxyType = 1;
			remoteGlobalIDString = 646EEC7E2CD5E1ED0003CD85;
			remoteInfo = iRoutes;
		};
		646EECA92CD5E2080003CD85 /* PBXContainerItemProxy */ = {
			isa = PBXContainerItemProxy;
			containerPortal = 64651E1D2CD5DB3200ACB799 /* Project object */;
			proxyType = 1;
			remoteGlobalIDString = 646EEC982CD5E2070003CD85;
			remoteInfo = iRoutesiOS;
		};
		646EECB32CD5E2080003CD85 /* PBXContainerItemProxy */ = {
			isa = PBXContainerItemProxy;
			containerPortal = 64651E1D2CD5DB3200ACB799 /* Project object */;
			proxyType = 1;
			remoteGlobalIDString = 646EEC982CD5E2070003CD85;
			remoteInfo = iRoutesiOS;
		};
		646EECD82CD5E21B0003CD85 /* PBXContainerItemProxy */ = {
			isa = PBXContainerItemProxy;
			containerPortal = 64651E1D2CD5DB3200ACB799 /* Project object */;
			proxyType = 1;
			remoteGlobalIDString = 646EECC62CD5E21A0003CD85;
			remoteInfo = iRoutesmacOS;
		};
		646EECE22CD5E21B0003CD85 /* PBXContainerItemProxy */ = {
			isa = PBXContainerItemProxy;
			containerPortal = 64651E1D2CD5DB3200ACB799 /* Project object */;
			proxyType = 1;
			remoteGlobalIDString = 646EECC62CD5E21A0003CD85;
			remoteInfo = iRoutesmacOS;
		};
/* End PBXContainerItemProxy section */

/* Begin PBXFileReference section */
		646EEC7F2CD5E1ED0003CD85 /* iRoutes.framework */ = {isa = PBXFileReference; explicitFileType = wrapper.framework; includeInIndex = 0; path = iRoutes.framework; sourceTree = BUILT_PRODUCTS_DIR; };
		646EEC862CD5E1ED0003CD85 /* iRoutesTests.xctest */ = {isa = PBXFileReference; explicitFileType = wrapper.cfbundle; includeInIndex = 0; path = iRoutesTests.xctest; sourceTree = BUILT_PRODUCTS_DIR; };
		646EEC992CD5E2070003CD85 /* iRoutesiOS.app */ = {isa = PBXFileReference; explicitFileType = wrapper.application; includeInIndex = 0; path = iRoutesiOS.app; sourceTree = BUILT_PRODUCTS_DIR; };
		646EECA82CD5E2080003CD85 /* iRoutesiOSTests.xctest */ = {isa = PBXFileReference; explicitFileType = wrapper.cfbundle; includeInIndex = 0; path = iRoutesiOSTests.xctest; sourceTree = BUILT_PRODUCTS_DIR; };
		646EECB22CD5E2080003CD85 /* iRoutesiOSUITests.xctest */ = {isa = PBXFileReference; explicitFileType = wrapper.cfbundle; includeInIndex = 0; path = iRoutesiOSUITests.xctest; sourceTree = BUILT_PRODUCTS_DIR; };
		646EECC72CD5E21A0003CD85 /* iRoutesmacOS.app */ = {isa = PBXFileReference; explicitFileType = wrapper.application; includeInIndex = 0; path = iRoutesmacOS.app; sourceTree = BUILT_PRODUCTS_DIR; };
		646EECD72CD5E21B0003CD85 /* iRoutesmacOSTests.xctest */ = {isa = PBXFileReference; explicitFileType = wrapper.cfbundle; includeInIndex = 0; path = iRoutesmacOSTests.xctest; sourceTree = BUILT_PRODUCTS_DIR; };
		646EECE12CD5E21B0003CD85 /* iRoutesmacOSUITests.xctest */ = {isa = PBXFileReference; explicitFileType = wrapper.cfbundle; includeInIndex = 0; path = iRoutesmacOSUITests.xctest; sourceTree = BUILT_PRODUCTS_DIR; };
/* End PBXFileReference section */

/* Begin PBXFileSystemSynchronizedBuildFileExceptionSet section */
		646EEC8E2CD5E1ED0003CD85 /* Exceptions for "iRoutes" folder in "iRoutes" target */ = {
			isa = PBXFileSystemSynchronizedBuildFileExceptionSet;
			publicHeaders = (
				iRoutes.h,
			);
			target = 646EEC7E2CD5E1ED0003CD85 /* iRoutes */;
		};
/* End PBXFileSystemSynchronizedBuildFileExceptionSet section */

/* Begin PBXFileSystemSynchronizedRootGroup section */
		646EEC802CD5E1ED0003CD85 /* iRoutes */ = {
			isa = PBXFileSystemSynchronizedRootGroup;
			exceptions = (
				646EEC8E2CD5E1ED0003CD85 /* Exceptions for "iRoutes" folder in "iRoutes" target */,
			);
			path = iRoutes;
			sourceTree = "<group>";
		};
		646EEC8A2CD5E1ED0003CD85 /* iRoutesTests */ = {
			isa = PBXFileSystemSynchronizedRootGroup;
			path = iRoutesTests;
			sourceTree = "<group>";
		};
		646EEC9A2CD5E2070003CD85 /* iRoutesiOS */ = {
			isa = PBXFileSystemSynchronizedRootGroup;
			path = iRoutesiOS;
			sourceTree = "<group>";
		};
		646EECAB2CD5E2080003CD85 /* iRoutesiOSTests */ = {
			isa = PBXFileSystemSynchronizedRootGroup;
			path = iRoutesiOSTests;
			sourceTree = "<group>";
		};
		646EECB52CD5E2080003CD85 /* iRoutesiOSUITests */ = {
			isa = PBXFileSystemSynchronizedRootGroup;
			path = iRoutesiOSUITests;
			sourceTree = "<group>";
		};
		646EECC82CD5E21A0003CD85 /* iRoutesmacOS */ = {
			isa = PBXFileSystemSynchronizedRootGroup;
			path = iRoutesmacOS;
			sourceTree = "<group>";
		};
		646EECDA2CD5E21B0003CD85 /* iRoutesmacOSTests */ = {
			isa = PBXFileSystemSynchronizedRootGroup;
			path = iRoutesmacOSTests;
			sourceTree = "<group>";
		};
		646EECE42CD5E21B0003CD85 /* iRoutesmacOSUITests */ = {
			isa = PBXFileSystemSynchronizedRootGroup;
			path = iRoutesmacOSUITests;
			sourceTree = "<group>";
		};
		646EECF42CD5E2F30003CD85 /* iRoutesTestPlans */ = {
			isa = PBXFileSystemSynchronizedRootGroup;
			path = iRoutesTestPlans;
			sourceTree = "<group>";
		};
/* End PBXFileSystemSynchronizedRootGroup section */

/* Begin PBXFrameworksBuildPhase section */
		646EEC7C2CD5E1ED0003CD85 /* Frameworks */ = {
			isa = PBXFrameworksBuildPhase;
			buildActionMask = 2147483647;
			files = (
			);
			runOnlyForDeploymentPostprocessing = 0;
		};
		646EEC832CD5E1ED0003CD85 /* Frameworks */ = {
			isa = PBXFrameworksBuildPhase;
			buildActionMask = 2147483647;
			files = (
				646EEC872CD5E1ED0003CD85 /* iRoutes.framework in Frameworks */,
			);
			runOnlyForDeploymentPostprocessing = 0;
		};
		646EEC962CD5E2070003CD85 /* Frameworks */ = {
			isa = PBXFrameworksBuildPhase;
			buildActionMask = 2147483647;
			files = (
			);
			runOnlyForDeploymentPostprocessing = 0;
		};
		646EECA52CD5E2080003CD85 /* Frameworks */ = {
			isa = PBXFrameworksBuildPhase;
			buildActionMask = 2147483647;
			files = (
			);
			runOnlyForDeploymentPostprocessing = 0;
		};
		646EECAF2CD5E2080003CD85 /* Frameworks */ = {
			isa = PBXFrameworksBuildPhase;
			buildActionMask = 2147483647;
			files = (
			);
			runOnlyForDeploymentPostprocessing = 0;
		};
		646EECC42CD5E21A0003CD85 /* Frameworks */ = {
			isa = PBXFrameworksBuildPhase;
			buildActionMask = 2147483647;
			files = (
			);
			runOnlyForDeploymentPostprocessing = 0;
		};
		646EECD42CD5E21B0003CD85 /* Frameworks */ = {
			isa = PBXFrameworksBuildPhase;
			buildActionMask = 2147483647;
			files = (
			);
			runOnlyForDeploymentPostprocessing = 0;
		};
		646EECDE2CD5E21B0003CD85 /* Frameworks */ = {
			isa = PBXFrameworksBuildPhase;
			buildActionMask = 2147483647;
			files = (
			);
			runOnlyForDeploymentPostprocessing = 0;
		};
/* End PBXFrameworksBuildPhase section */

/* Begin PBXGroup section */
		64651E1C2CD5DB3200ACB799 = {
			isa = PBXGroup;
			children = (
				646EEC802CD5E1ED0003CD85 /* iRoutes */,
				646EEC8A2CD5E1ED0003CD85 /* iRoutesTests */,
				646EEC9A2CD5E2070003CD85 /* iRoutesiOS */,
				646EECAB2CD5E2080003CD85 /* iRoutesiOSTests */,
				646EECB52CD5E2080003CD85 /* iRoutesiOSUITests */,
				646EECC82CD5E21A0003CD85 /* iRoutesmacOS */,
				646EECDA2CD5E21B0003CD85 /* iRoutesmacOSTests */,
				646EECE42CD5E21B0003CD85 /* iRoutesmacOSUITests */,
				646EECF42CD5E2F30003CD85 /* iRoutesTestPlans */,
				64651E272CD5DB3200ACB799 /* Products */,
			);
			sourceTree = "<group>";
		};
		64651E272CD5DB3200ACB799 /* Products */ = {
			isa = PBXGroup;
			children = (
				646EEC7F2CD5E1ED0003CD85 /* iRoutes.framework */,
				646EEC862CD5E1ED0003CD85 /* iRoutesTests.xctest */,
				646EEC992CD5E2070003CD85 /* iRoutesiOS.app */,
				646EECA82CD5E2080003CD85 /* iRoutesiOSTests.xctest */,
				646EECB22CD5E2080003CD85 /* iRoutesiOSUITests.xctest */,
				646EECC72CD5E21A0003CD85 /* iRoutesmacOS.app */,
				646EECD72CD5E21B0003CD85 /* iRoutesmacOSTests.xctest */,
				646EECE12CD5E21B0003CD85 /* iRoutesmacOSUITests.xctest */,
			);
			name = Products;
			sourceTree = "<group>";
		};
/* End PBXGroup section */

/* Begin PBXHeadersBuildPhase section */
		646EEC7A2CD5E1ED0003CD85 /* Headers */ = {
			isa = PBXHeadersBuildPhase;
			buildActionMask = 2147483647;
			files = (
			);
			runOnlyForDeploymentPostprocessing = 0;
		};
/* End PBXHeadersBuildPhase section */

/* Begin PBXNativeTarget section */
		646EEC7E2CD5E1ED0003CD85 /* iRoutes */ = {
			isa = PBXNativeTarget;
			buildConfigurationList = 646EEC8F2CD5E1ED0003CD85 /* Build configuration list for PBXNativeTarget "iRoutes" */;
			buildPhases = (
				646EEC7A2CD5E1ED0003CD85 /* Headers */,
				646EEC7B2CD5E1ED0003CD85 /* Sources */,
				646EEC7C2CD5E1ED0003CD85 /* Frameworks */,
				646EEC7D2CD5E1ED0003CD85 /* Resources */,
			);
			buildRules = (
			);
			dependencies = (
			);
			fileSystemSynchronizedGroups = (
				646EEC802CD5E1ED0003CD85 /* iRoutes */,
				646EECF42CD5E2F30003CD85 /* iRoutesTestPlans */,
			);
			name = iRoutes;
			packageProductDependencies = (
			);
			productName = iRoutes;
			productReference = 646EEC7F2CD5E1ED0003CD85 /* iRoutes.framework */;
			productType = "com.apple.product-type.framework";
		};
		646EEC852CD5E1ED0003CD85 /* iRoutesTests */ = {
			isa = PBXNativeTarget;
			buildConfigurationList = 646EEC922CD5E1ED0003CD85 /* Build configuration list for PBXNativeTarget "iRoutesTests" */;
			buildPhases = (
				646EEC822CD5E1ED0003CD85 /* Sources */,
				646EEC832CD5E1ED0003CD85 /* Frameworks */,
				646EEC842CD5E1ED0003CD85 /* Resources */,
			);
			buildRules = (
			);
			dependencies = (
				646EEC892CD5E1ED0003CD85 /* PBXTargetDependency */,
			);
			fileSystemSynchronizedGroups = (
				646EEC8A2CD5E1ED0003CD85 /* iRoutesTests */,
			);
			name = iRoutesTests;
			packageProductDependencies = (
			);
			productName = iRoutesTests;
			productReference = 646EEC862CD5E1ED0003CD85 /* iRoutesTests.xctest */;
			productType = "com.apple.product-type.bundle.unit-test";
		};
		646EEC982CD5E2070003CD85 /* iRoutesiOS */ = {
			isa = PBXNativeTarget;
			buildConfigurationList = 646EECBA2CD5E2080003CD85 /* Build configuration list for PBXNativeTarget "iRoutesiOS" */;
			buildPhases = (
				646EEC952CD5E2070003CD85 /* Sources */,
				646EEC962CD5E2070003CD85 /* Frameworks */,
				646EEC972CD5E2070003CD85 /* Resources */,
			);
			buildRules = (
			);
			dependencies = (
			);
			fileSystemSynchronizedGroups = (
				646EEC9A2CD5E2070003CD85 /* iRoutesiOS */,
			);
			name = iRoutesiOS;
			packageProductDependencies = (
			);
			productName = iRoutesiOS;
			productReference = 646EEC992CD5E2070003CD85 /* iRoutesiOS.app */;
			productType = "com.apple.product-type.application";
		};
		646EECA72CD5E2080003CD85 /* iRoutesiOSTests */ = {
			isa = PBXNativeTarget;
			buildConfigurationList = 646EECBD2CD5E2080003CD85 /* Build configuration list for PBXNativeTarget "iRoutesiOSTests" */;
			buildPhases = (
				646EECA42CD5E2080003CD85 /* Sources */,
				646EECA52CD5E2080003CD85 /* Frameworks */,
				646EECA62CD5E2080003CD85 /* Resources */,
			);
			buildRules = (
			);
			dependencies = (
				646EECAA2CD5E2080003CD85 /* PBXTargetDependency */,
			);
			fileSystemSynchronizedGroups = (
				646EECAB2CD5E2080003CD85 /* iRoutesiOSTests */,
			);
			name = iRoutesiOSTests;
			packageProductDependencies = (
			);
			productName = iRoutesiOSTests;
			productReference = 646EECA82CD5E2080003CD85 /* iRoutesiOSTests.xctest */;
			productType = "com.apple.product-type.bundle.unit-test";
		};
		646EECB12CD5E2080003CD85 /* iRoutesiOSUITests */ = {
			isa = PBXNativeTarget;
			buildConfigurationList = 646EECC02CD5E2080003CD85 /* Build configuration list for PBXNativeTarget "iRoutesiOSUITests" */;
			buildPhases = (
				646EECAE2CD5E2080003CD85 /* Sources */,
				646EECAF2CD5E2080003CD85 /* Frameworks */,
				646EECB02CD5E2080003CD85 /* Resources */,
			);
			buildRules = (
			);
			dependencies = (
				646EECB42CD5E2080003CD85 /* PBXTargetDependency */,
			);
			fileSystemSynchronizedGroups = (
				646EECB52CD5E2080003CD85 /* iRoutesiOSUITests */,
			);
			name = iRoutesiOSUITests;
			packageProductDependencies = (
			);
			productName = iRoutesiOSUITests;
			productReference = 646EECB22CD5E2080003CD85 /* iRoutesiOSUITests.xctest */;
			productType = "com.apple.product-type.bundle.ui-testing";
		};
		646EECC62CD5E21A0003CD85 /* iRoutesmacOS */ = {
			isa = PBXNativeTarget;
			buildConfigurationList = 646EECE92CD5E21B0003CD85 /* Build configuration list for PBXNativeTarget "iRoutesmacOS" */;
			buildPhases = (
				646EECC32CD5E21A0003CD85 /* Sources */,
				646EECC42CD5E21A0003CD85 /* Frameworks */,
				646EECC52CD5E21A0003CD85 /* Resources */,
			);
			buildRules = (
			);
			dependencies = (
			);
			fileSystemSynchronizedGroups = (
				646EECC82CD5E21A0003CD85 /* iRoutesmacOS */,
			);
			name = iRoutesmacOS;
			packageProductDependencies = (
			);
			productName = iRoutesmacOS;
			productReference = 646EECC72CD5E21A0003CD85 /* iRoutesmacOS.app */;
			productType = "com.apple.product-type.application";
		};
		646EECD62CD5E21B0003CD85 /* iRoutesmacOSTests */ = {
			isa = PBXNativeTarget;
			buildConfigurationList = 646EECEC2CD5E21B0003CD85 /* Build configuration list for PBXNativeTarget "iRoutesmacOSTests" */;
			buildPhases = (
				646EECD32CD5E21B0003CD85 /* Sources */,
				646EECD42CD5E21B0003CD85 /* Frameworks */,
				646EECD52CD5E21B0003CD85 /* Resources */,
			);
			buildRules = (
			);
			dependencies = (
				646EECD92CD5E21B0003CD85 /* PBXTargetDependency */,
			);
			fileSystemSynchronizedGroups = (
				646EECDA2CD5E21B0003CD85 /* iRoutesmacOSTests */,
			);
			name = iRoutesmacOSTests;
			packageProductDependencies = (
			);
			productName = iRoutesmacOSTests;
			productReference = 646EECD72CD5E21B0003CD85 /* iRoutesmacOSTests.xctest */;
			productType = "com.apple.product-type.bundle.unit-test";
		};
		646EECE02CD5E21B0003CD85 /* iRoutesmacOSUITests */ = {
			isa = PBXNativeTarget;
			buildConfigurationList = 646EECEF2CD5E21B0003CD85 /* Build configuration list for PBXNativeTarget "iRoutesmacOSUITests" */;
			buildPhases = (
				646EECDD2CD5E21B0003CD85 /* Sources */,
				646EECDE2CD5E21B0003CD85 /* Frameworks */,
				646EECDF2CD5E21B0003CD85 /* Resources */,
			);
			buildRules = (
			);
			dependencies = (
				646EECE32CD5E21B0003CD85 /* PBXTargetDependency */,
			);
			fileSystemSynchronizedGroups = (
				646EECE42CD5E21B0003CD85 /* iRoutesmacOSUITests */,
			);
			name = iRoutesmacOSUITests;
			packageProductDependencies = (
			);
			productName = iRoutesmacOSUITests;
			productReference = 646EECE12CD5E21B0003CD85 /* iRoutesmacOSUITests.xctest */;
			productType = "com.apple.product-type.bundle.ui-testing";
		};
/* End PBXNativeTarget section */

/* Begin PBXProject section */
		64651E1D2CD5DB3200ACB799 /* Project object */ = {
			isa = PBXProject;
			attributes = {
				BuildIndependentTargetsInParallel = 1;
				LastSwiftUpdateCheck = 1600;
				LastUpgradeCheck = 1600;
				TargetAttributes = {
					646EEC7E2CD5E1ED0003CD85 = {
						CreatedOnToolsVersion = 16.0;
					};
					646EEC852CD5E1ED0003CD85 = {
						CreatedOnToolsVersion = 16.0;
					};
					646EEC982CD5E2070003CD85 = {
						CreatedOnToolsVersion = 16.0;
					};
					646EECA72CD5E2080003CD85 = {
						CreatedOnToolsVersion = 16.0;
						TestTargetID = 646EEC982CD5E2070003CD85;
					};
					646EECB12CD5E2080003CD85 = {
						CreatedOnToolsVersion = 16.0;
						TestTargetID = 646EEC982CD5E2070003CD85;
					};
					646EECC62CD5E21A0003CD85 = {
						CreatedOnToolsVersion = 16.0;
					};
					646EECD62CD5E21B0003CD85 = {
						CreatedOnToolsVersion = 16.0;
						TestTargetID = 646EECC62CD5E21A0003CD85;
					};
					646EECE02CD5E21B0003CD85 = {
						CreatedOnToolsVersion = 16.0;
						TestTargetID = 646EECC62CD5E21A0003CD85;
					};
				};
			};
			buildConfigurationList = 64651E202CD5DB3200ACB799 /* Build configuration list for PBXProject "iRoutes" */;
			developmentRegion = en;
			hasScannedForEncodings = 0;
			knownRegions = (
				en,
				Base,
			);
			mainGroup = 64651E1C2CD5DB3200ACB799;
			minimizedProjectReferenceProxies = 1;
			preferredProjectObjectVersion = 77;
			productRefGroup = 64651E272CD5DB3200ACB799 /* Products */;
			projectDirPath = "";
			projectRoot = "";
			targets = (
				646EEC7E2CD5E1ED0003CD85 /* iRoutes */,
				646EEC852CD5E1ED0003CD85 /* iRoutesTests */,
				646EEC982CD5E2070003CD85 /* iRoutesiOS */,
				646EECA72CD5E2080003CD85 /* iRoutesiOSTests */,
				646EECB12CD5E2080003CD85 /* iRoutesiOSUITests */,
				646EECC62CD5E21A0003CD85 /* iRoutesmacOS */,
				646EECD62CD5E21B0003CD85 /* iRoutesmacOSTests */,
				646EECE02CD5E21B0003CD85 /* iRoutesmacOSUITests */,
			);
		};
/* End PBXProject section */

/* Begin PBXResourcesBuildPhase section */
		646EEC7D2CD5E1ED0003CD85 /* Resources */ = {
			isa = PBXResourcesBuildPhase;
			buildActionMask = 2147483647;
			files = (
			);
			runOnlyForDeploymentPostprocessing = 0;
		};
		646EEC842CD5E1ED0003CD85 /* Resources */ = {
			isa = PBXResourcesBuildPhase;
			buildActionMask = 2147483647;
			files = (
			);
			runOnlyForDeploymentPostprocessing = 0;
		};
		646EEC972CD5E2070003CD85 /* Resources */ = {
			isa = PBXResourcesBuildPhase;
			buildActionMask = 2147483647;
			files = (
			);
			runOnlyForDeploymentPostprocessing = 0;
		};
		646EECA62CD5E2080003CD85 /* Resources */ = {
			isa = PBXResourcesBuildPhase;
			buildActionMask = 2147483647;
			files = (
			);
			runOnlyForDeploymentPostprocessing = 0;
		};
		646EECB02CD5E2080003CD85 /* Resources */ = {
			isa = PBXResourcesBuildPhase;
			buildActionMask = 2147483647;
			files = (
			);
			runOnlyForDeploymentPostprocessing = 0;
		};
		646EECC52CD5E21A0003CD85 /* Resources */ = {
			isa = PBXResourcesBuildPhase;
			buildActionMask = 2147483647;
			files = (
			);
			runOnlyForDeploymentPostprocessing = 0;
		};
		646EECD52CD5E21B0003CD85 /* Resources */ = {
			isa = PBXResourcesBuildPhase;
			buildActionMask = 2147483647;
			files = (
			);
			runOnlyForDeploymentPostprocessing = 0;
		};
		646EECDF2CD5E21B0003CD85 /* Resources */ = {
			isa = PBXResourcesBuildPhase;
			buildActionMask = 2147483647;
			files = (
			);
			runOnlyForDeploymentPostprocessing = 0;
		};
/* End PBXResourcesBuildPhase section */

/* Begin PBXSourcesBuildPhase section */
		646EEC7B2CD5E1ED0003CD85 /* Sources */ = {
			isa = PBXSourcesBuildPhase;
			buildActionMask = 2147483647;
			files = (
			);
			runOnlyForDeploymentPostprocessing = 0;
		};
		646EEC822CD5E1ED0003CD85 /* Sources */ = {
			isa = PBXSourcesBuildPhase;
			buildActionMask = 2147483647;
			files = (
			);
			runOnlyForDeploymentPostprocessing = 0;
		};
		646EEC952CD5E2070003CD85 /* Sources */ = {
			isa = PBXSourcesBuildPhase;
			buildActionMask = 2147483647;
			files = (
			);
			runOnlyForDeploymentPostprocessing = 0;
		};
		646EECA42CD5E2080003CD85 /* Sources */ = {
			isa = PBXSourcesBuildPhase;
			buildActionMask = 2147483647;
			files = (
			);
			runOnlyForDeploymentPostprocessing = 0;
		};
		646EECAE2CD5E2080003CD85 /* Sources */ = {
			isa = PBXSourcesBuildPhase;
			buildActionMask = 2147483647;
			files = (
			);
			runOnlyForDeploymentPostprocessing = 0;
		};
		646EECC32CD5E21A0003CD85 /* Sources */ = {
			isa = PBXSourcesBuildPhase;
			buildActionMask = 2147483647;
			files = (
			);
			runOnlyForDeploymentPostprocessing = 0;
		};
		646EECD32CD5E21B0003CD85 /* Sources */ = {
			isa = PBXSourcesBuildPhase;
			buildActionMask = 2147483647;
			files = (
			);
			runOnlyForDeploymentPostprocessing = 0;
		};
		646EECDD2CD5E21B0003CD85 /* Sources */ = {
			isa = PBXSourcesBuildPhase;
			buildActionMask = 2147483647;
			files = (
			);
			runOnlyForDeploymentPostprocessing = 0;
		};
/* End PBXSourcesBuildPhase section */

/* Begin PBXTargetDependency section */
		646EEC892CD5E1ED0003CD85 /* PBXTargetDependency */ = {
			isa = PBXTargetDependency;
			target = 646EEC7E2CD5E1ED0003CD85 /* iRoutes */;
			targetProxy = 646EEC882CD5E1ED0003CD85 /* PBXContainerItemProxy */;
		};
		646EECAA2CD5E2080003CD85 /* PBXTargetDependency */ = {
			isa = PBXTargetDependency;
			target = 646EEC982CD5E2070003CD85 /* iRoutesiOS */;
			targetProxy = 646EECA92CD5E2080003CD85 /* PBXContainerItemProxy */;
		};
		646EECB42CD5E2080003CD85 /* PBXTargetDependency */ = {
			isa = PBXTargetDependency;
			target = 646EEC982CD5E2070003CD85 /* iRoutesiOS */;
			targetProxy = 646EECB32CD5E2080003CD85 /* PBXContainerItemProxy */;
		};
		646EECD92CD5E21B0003CD85 /* PBXTargetDependency */ = {
			isa = PBXTargetDependency;
			target = 646EECC62CD5E21A0003CD85 /* iRoutesmacOS */;
			targetProxy = 646EECD82CD5E21B0003CD85 /* PBXContainerItemProxy */;
		};
		646EECE32CD5E21B0003CD85 /* PBXTargetDependency */ = {
			isa = PBXTargetDependency;
			target = 646EECC62CD5E21A0003CD85 /* iRoutesmacOS */;
			targetProxy = 646EECE22CD5E21B0003CD85 /* PBXContainerItemProxy */;
		};
/* End PBXTargetDependency section */

/* Begin XCBuildConfiguration section */
		64651E312CD5DB3200ACB799 /* Debug */ = {
			isa = XCBuildConfiguration;
			buildSettings = {
				ALWAYS_SEARCH_USER_PATHS = NO;
				ASSETCATALOG_COMPILER_GENERATE_SWIFT_ASSET_SYMBOL_EXTENSIONS = YES;
				CLANG_ANALYZER_NONNULL = YES;
				CLANG_ANALYZER_NUMBER_OBJECT_CONVERSION = YES_AGGRESSIVE;
				CLANG_CXX_LANGUAGE_STANDARD = "gnu++20";
				CLANG_ENABLE_MODULES = YES;
				CLANG_ENABLE_OBJC_ARC = YES;
				CLANG_ENABLE_OBJC_WEAK = YES;
				CLANG_WARN_BLOCK_CAPTURE_AUTORELEASING = YES;
				CLANG_WARN_BOOL_CONVERSION = YES;
				CLANG_WARN_COMMA = YES;
				CLANG_WARN_CONSTANT_CONVERSION = YES;
				CLANG_WARN_DEPRECATED_OBJC_IMPLEMENTATIONS = YES;
				CLANG_WARN_DIRECT_OBJC_ISA_USAGE = YES_ERROR;
				CLANG_WARN_DOCUMENTATION_COMMENTS = YES;
				CLANG_WARN_EMPTY_BODY = YES;
				CLANG_WARN_ENUM_CONVERSION = YES;
				CLANG_WARN_INFINITE_RECURSION = YES;
				CLANG_WARN_INT_CONVERSION = YES;
				CLANG_WARN_NON_LITERAL_NULL_CONVERSION = YES;
				CLANG_WARN_OBJC_IMPLICIT_RETAIN_SELF = YES;
				CLANG_WARN_OBJC_LITERAL_CONVERSION = YES;
				CLANG_WARN_OBJC_ROOT_CLASS = YES_ERROR;
				CLANG_WARN_QUOTED_INCLUDE_IN_FRAMEWORK_HEADER = YES;
				CLANG_WARN_RANGE_LOOP_ANALYSIS = YES;
				CLANG_WARN_STRICT_PROTOTYPES = YES;
				CLANG_WARN_SUSPICIOUS_MOVE = YES;
				CLANG_WARN_UNGUARDED_AVAILABILITY = YES_AGGRESSIVE;
				CLANG_WARN_UNREACHABLE_CODE = YES;
				CLANG_WARN__DUPLICATE_METHOD_MATCH = YES;
				COPY_PHASE_STRIP = NO;
				CURRENT_PROJECT_VERSION = 1;
				DEBUG_INFORMATION_FORMAT = dwarf;
				ENABLE_STRICT_OBJC_MSGSEND = YES;
				ENABLE_TESTABILITY = YES;
				ENABLE_USER_SCRIPT_SANDBOXING = YES;
				GCC_C_LANGUAGE_STANDARD = gnu17;
				GCC_DYNAMIC_NO_PIC = NO;
				GCC_NO_COMMON_BLOCKS = YES;
				GCC_OPTIMIZATION_LEVEL = 0;
				GCC_PREPROCESSOR_DEFINITIONS = (
					"DEBUG=1",
					"$(inherited)",
				);
				GCC_WARN_64_TO_32_BIT_CONVERSION = YES;
				GCC_WARN_ABOUT_RETURN_TYPE = YES_ERROR;
				GCC_WARN_UNDECLARED_SELECTOR = YES;
				GCC_WARN_UNINITIALIZED_AUTOS = YES_AGGRESSIVE;
				GCC_WARN_UNUSED_FUNCTION = YES;
				GCC_WARN_UNUSED_VARIABLE = YES;
				LOCALIZATION_PREFERS_STRING_CATALOGS = YES;
				MACOSX_DEPLOYMENT_TARGET = 14.5;
				MTL_ENABLE_DEBUG_INFO = INCLUDE_SOURCE;
				MTL_FAST_MATH = YES;
				ONLY_ACTIVE_ARCH = YES;
				SDKROOT = macosx;
				SWIFT_ACTIVE_COMPILATION_CONDITIONS = "DEBUG $(inherited)";
				SWIFT_OPTIMIZATION_LEVEL = "-Onone";
				VERSIONING_SYSTEM = "apple-generic";
				VERSION_INFO_PREFIX = "";
			};
			name = Debug;
		};
		64651E322CD5DB3200ACB799 /* Release */ = {
			isa = XCBuildConfiguration;
			buildSettings = {
				ALWAYS_SEARCH_USER_PATHS = NO;
				ASSETCATALOG_COMPILER_GENERATE_SWIFT_ASSET_SYMBOL_EXTENSIONS = YES;
				CLANG_ANALYZER_NONNULL = YES;
				CLANG_ANALYZER_NUMBER_OBJECT_CONVERSION = YES_AGGRESSIVE;
				CLANG_CXX_LANGUAGE_STANDARD = "gnu++20";
				CLANG_ENABLE_MODULES = YES;
				CLANG_ENABLE_OBJC_ARC = YES;
				CLANG_ENABLE_OBJC_WEAK = YES;
				CLANG_WARN_BLOCK_CAPTURE_AUTORELEASING = YES;
				CLANG_WARN_BOOL_CONVERSION = YES;
				CLANG_WARN_COMMA = YES;
				CLANG_WARN_CONSTANT_CONVERSION = YES;
				CLANG_WARN_DEPRECATED_OBJC_IMPLEMENTATIONS = YES;
				CLANG_WARN_DIRECT_OBJC_ISA_USAGE = YES_ERROR;
				CLANG_WARN_DOCUMENTATION_COMMENTS = YES;
				CLANG_WARN_EMPTY_BODY = YES;
				CLANG_WARN_ENUM_CONVERSION = YES;
				CLANG_WARN_INFINITE_RECURSION = YES;
				CLANG_WARN_INT_CONVERSION = YES;
				CLANG_WARN_NON_LITERAL_NULL_CONVERSION = YES;
				CLANG_WARN_OBJC_IMPLICIT_RETAIN_SELF = YES;
				CLANG_WARN_OBJC_LITERAL_CONVERSION = YES;
				CLANG_WARN_OBJC_ROOT_CLASS = YES_ERROR;
				CLANG_WARN_QUOTED_INCLUDE_IN_FRAMEWORK_HEADER = YES;
				CLANG_WARN_RANGE_LOOP_ANALYSIS = YES;
				CLANG_WARN_STRICT_PROTOTYPES = YES;
				CLANG_WARN_SUSPICIOUS_MOVE = YES;
				CLANG_WARN_UNGUARDED_AVAILABILITY = YES_AGGRESSIVE;
				CLANG_WARN_UNREACHABLE_CODE = YES;
				CLANG_WARN__DUPLICATE_METHOD_MATCH = YES;
				COPY_PHASE_STRIP = NO;
				CURRENT_PROJECT_VERSION = 1;
				DEBUG_INFORMATION_FORMAT = "dwarf-with-dsym";
				ENABLE_NS_ASSERTIONS = NO;
				ENABLE_STRICT_OBJC_MSGSEND = YES;
				ENABLE_USER_SCRIPT_SANDBOXING = YES;
				GCC_C_LANGUAGE_STANDARD = gnu17;
				GCC_NO_COMMON_BLOCKS = YES;
				GCC_WARN_64_TO_32_BIT_CONVERSION = YES;
				GCC_WARN_ABOUT_RETURN_TYPE = YES_ERROR;
				GCC_WARN_UNDECLARED_SELECTOR = YES;
				GCC_WARN_UNINITIALIZED_AUTOS = YES_AGGRESSIVE;
				GCC_WARN_UNUSED_FUNCTION = YES;
				GCC_WARN_UNUSED_VARIABLE = YES;
				LOCALIZATION_PREFERS_STRING_CATALOGS = YES;
				MACOSX_DEPLOYMENT_TARGET = 14.5;
				MTL_ENABLE_DEBUG_INFO = NO;
				MTL_FAST_MATH = YES;
				SDKROOT = macosx;
				SWIFT_COMPILATION_MODE = wholemodule;
				VERSIONING_SYSTEM = "apple-generic";
				VERSION_INFO_PREFIX = "";
			};
			name = Release;
		};
		646EEC902CD5E1ED0003CD85 /* Debug */ = {
			isa = XCBuildConfiguration;
			buildSettings = {
				BUILD_LIBRARY_FOR_DISTRIBUTION = YES;
				CODE_SIGN_STYLE = Manual;
				COMBINE_HIDPI_IMAGES = YES;
				CURRENT_PROJECT_VERSION = 1;
				DEFINES_MODULE = YES;
				DEVELOPMENT_TEAM = "";
				DYLIB_COMPATIBILITY_VERSION = 1;
				DYLIB_CURRENT_VERSION = 1;
				DYLIB_INSTALL_NAME_BASE = "@rpath";
				ENABLE_MODULE_VERIFIER = YES;
				GENERATE_INFOPLIST_FILE = YES;
				INFOPLIST_KEY_NSHumanReadableCopyright = "";
				INSTALL_PATH = "$(LOCAL_LIBRARY_DIR)/Frameworks";
				LD_RUNPATH_SEARCH_PATHS = (
					"$(inherited)",
					"@executable_path/../Frameworks",
					"@loader_path/Frameworks",
				);
				MARKETING_VERSION = 1.0;
				MODULE_VERIFIER_SUPPORTED_LANGUAGES = "objective-c objective-c++";
				MODULE_VERIFIER_SUPPORTED_LANGUAGE_STANDARDS = "gnu17 gnu++20";
				PRODUCT_BUNDLE_IDENTIFIER = com.mcarino.iRoutes;
				PRODUCT_NAME = "$(TARGET_NAME:c99extidentifier)";
				PROVISIONING_PROFILE_SPECIFIER = "";
				SKIP_INSTALL = YES;
				SWIFT_EMIT_LOC_STRINGS = YES;
				SWIFT_INSTALL_OBJC_HEADER = NO;
				SWIFT_VERSION = 5.0;
			};
			name = Debug;
		};
		646EEC912CD5E1ED0003CD85 /* Release */ = {
			isa = XCBuildConfiguration;
			buildSettings = {
				BUILD_LIBRARY_FOR_DISTRIBUTION = YES;
				CODE_SIGN_STYLE = Manual;
				COMBINE_HIDPI_IMAGES = YES;
				CURRENT_PROJECT_VERSION = 1;
				DEFINES_MODULE = YES;
				DEVELOPMENT_TEAM = "";
				DYLIB_COMPATIBILITY_VERSION = 1;
				DYLIB_CURRENT_VERSION = 1;
				DYLIB_INSTALL_NAME_BASE = "@rpath";
				ENABLE_MODULE_VERIFIER = YES;
				GENERATE_INFOPLIST_FILE = YES;
				INFOPLIST_KEY_NSHumanReadableCopyright = "";
				INSTALL_PATH = "$(LOCAL_LIBRARY_DIR)/Frameworks";
				LD_RUNPATH_SEARCH_PATHS = (
					"$(inherited)",
					"@executable_path/../Frameworks",
					"@loader_path/Frameworks",
				);
				MARKETING_VERSION = 1.0;
				MODULE_VERIFIER_SUPPORTED_LANGUAGES = "objective-c objective-c++";
				MODULE_VERIFIER_SUPPORTED_LANGUAGE_STANDARDS = "gnu17 gnu++20";
				PRODUCT_BUNDLE_IDENTIFIER = com.mcarino.iRoutes;
				PRODUCT_NAME = "$(TARGET_NAME:c99extidentifier)";
				PROVISIONING_PROFILE_SPECIFIER = "";
				SKIP_INSTALL = YES;
				SWIFT_EMIT_LOC_STRINGS = YES;
				SWIFT_INSTALL_OBJC_HEADER = NO;
				SWIFT_VERSION = 5.0;
			};
			name = Release;
		};
		646EEC932CD5E1ED0003CD85 /* Debug */ = {
			isa = XCBuildConfiguration;
			buildSettings = {
				CODE_SIGN_STYLE = Manual;
				CURRENT_PROJECT_VERSION = 1;
				DEVELOPMENT_TEAM = "";
				"DEVELOPMENT_TEAM[sdk=macosx*]" = "";
				GENERATE_INFOPLIST_FILE = YES;
				MARKETING_VERSION = 1.0;
				PRODUCT_BUNDLE_IDENTIFIER = com.mcarino.iRoutesTests;
				PRODUCT_NAME = "$(TARGET_NAME)";
				PROVISIONING_PROFILE_SPECIFIER = "";
				SWIFT_EMIT_LOC_STRINGS = NO;
				SWIFT_VERSION = 5.0;
			};
			name = Debug;
		};
		646EEC942CD5E1ED0003CD85 /* Release */ = {
			isa = XCBuildConfiguration;
			buildSettings = {
				CODE_SIGN_STYLE = Manual;
				CURRENT_PROJECT_VERSION = 1;
				DEVELOPMENT_TEAM = "";
				"DEVELOPMENT_TEAM[sdk=macosx*]" = "";
				GENERATE_INFOPLIST_FILE = YES;
				MARKETING_VERSION = 1.0;
				PRODUCT_BUNDLE_IDENTIFIER = com.mcarino.iRoutesTests;
				PRODUCT_NAME = "$(TARGET_NAME)";
				PROVISIONING_PROFILE_SPECIFIER = "";
				SWIFT_EMIT_LOC_STRINGS = NO;
				SWIFT_VERSION = 5.0;
			};
			name = Release;
		};
		646EECBB2CD5E2080003CD85 /* Debug */ = {
			isa = XCBuildConfiguration;
			buildSettings = {
				ASSETCATALOG_COMPILER_APPICON_NAME = AppIcon;
				ASSETCATALOG_COMPILER_GLOBAL_ACCENT_COLOR_NAME = AccentColor;
				CODE_SIGN_IDENTITY = "Apple Development";
				CODE_SIGN_STYLE = Manual;
				CURRENT_PROJECT_VERSION = 1;
				DEVELOPMENT_ASSET_PATHS = "\"iRoutesiOS/Preview Content\"";
				DEVELOPMENT_TEAM = "";
				ENABLE_PREVIEWS = YES;
				GENERATE_INFOPLIST_FILE = YES;
				INFOPLIST_KEY_UIApplicationSceneManifest_Generation = YES;
				INFOPLIST_KEY_UIApplicationSupportsIndirectInputEvents = YES;
				INFOPLIST_KEY_UILaunchScreen_Generation = YES;
				INFOPLIST_KEY_UISupportedInterfaceOrientations = UIInterfaceOrientationPortrait;
				INFOPLIST_KEY_UISupportedInterfaceOrientations_iPad = "UIInterfaceOrientationLandscapeLeft UIInterfaceOrientationLandscapeRight UIInterfaceOrientationPortrait UIInterfaceOrientationPortraitUpsideDown";
				IPHONEOS_DEPLOYMENT_TARGET = 17.4;
				LD_RUNPATH_SEARCH_PATHS = (
					"$(inherited)",
					"@executable_path/Frameworks",
				);
				MARKETING_VERSION = 1.0;
				PRODUCT_BUNDLE_IDENTIFIER = com.mcarino.iRoutesiOS;
				PRODUCT_NAME = "$(TARGET_NAME)";
				PROVISIONING_PROFILE_SPECIFIER = "";
				SDKROOT = iphoneos;
				SUPPORTED_PLATFORMS = "iphoneos iphonesimulator";
				SUPPORTS_MACCATALYST = NO;
				SUPPORTS_MAC_DESIGNED_FOR_IPHONE_IPAD = NO;
				SUPPORTS_XR_DESIGNED_FOR_IPHONE_IPAD = NO;
				SWIFT_EMIT_LOC_STRINGS = YES;
				SWIFT_VERSION = 5.0;
				TARGETED_DEVICE_FAMILY = 1;
			};
			name = Debug;
		};
		646EECBC2CD5E2080003CD85 /* Release */ = {
			isa = XCBuildConfiguration;
			buildSettings = {
				ASSETCATALOG_COMPILER_APPICON_NAME = AppIcon;
				ASSETCATALOG_COMPILER_GLOBAL_ACCENT_COLOR_NAME = AccentColor;
				CODE_SIGN_IDENTITY = "Apple Development";
				CODE_SIGN_STYLE = Manual;
				CURRENT_PROJECT_VERSION = 1;
				DEVELOPMENT_ASSET_PATHS = "\"iRoutesiOS/Preview Content\"";
				DEVELOPMENT_TEAM = "";
				ENABLE_PREVIEWS = YES;
				GENERATE_INFOPLIST_FILE = YES;
				INFOPLIST_KEY_UIApplicationSceneManifest_Generation = YES;
				INFOPLIST_KEY_UIApplicationSupportsIndirectInputEvents = YES;
				INFOPLIST_KEY_UILaunchScreen_Generation = YES;
				INFOPLIST_KEY_UISupportedInterfaceOrientations = UIInterfaceOrientationPortrait;
				INFOPLIST_KEY_UISupportedInterfaceOrientations_iPad = "UIInterfaceOrientationLandscapeLeft UIInterfaceOrientationLandscapeRight UIInterfaceOrientationPortrait UIInterfaceOrientationPortraitUpsideDown";
				IPHONEOS_DEPLOYMENT_TARGET = 17.4;
				LD_RUNPATH_SEARCH_PATHS = (
					"$(inherited)",
					"@executable_path/Frameworks",
				);
				MARKETING_VERSION = 1.0;
				PRODUCT_BUNDLE_IDENTIFIER = com.mcarino.iRoutesiOS;
				PRODUCT_NAME = "$(TARGET_NAME)";
				PROVISIONING_PROFILE_SPECIFIER = "";
				SDKROOT = iphoneos;
				SUPPORTED_PLATFORMS = "iphoneos iphonesimulator";
				SUPPORTS_MACCATALYST = NO;
				SUPPORTS_MAC_DESIGNED_FOR_IPHONE_IPAD = NO;
				SUPPORTS_XR_DESIGNED_FOR_IPHONE_IPAD = NO;
				SWIFT_EMIT_LOC_STRINGS = YES;
				SWIFT_VERSION = 5.0;
				TARGETED_DEVICE_FAMILY = 1;
				VALIDATE_PRODUCT = YES;
			};
			name = Release;
		};
		646EECBE2CD5E2080003CD85 /* Debug */ = {
			isa = XCBuildConfiguration;
			buildSettings = {
				BUNDLE_LOADER = "$(TEST_HOST)";
				CODE_SIGN_STYLE = Manual;
				CURRENT_PROJECT_VERSION = 1;
				DEVELOPMENT_TEAM = "";
				GENERATE_INFOPLIST_FILE = YES;
				IPHONEOS_DEPLOYMENT_TARGET = 17.4;
				MARKETING_VERSION = 1.0;
				PRODUCT_BUNDLE_IDENTIFIER = com.mcarino.iRoutesiOSTests;
				PRODUCT_NAME = "$(TARGET_NAME)";
				PROVISIONING_PROFILE_SPECIFIER = "";
				SDKROOT = iphoneos;
				SUPPORTED_PLATFORMS = "iphoneos iphonesimulator";
				SUPPORTS_MACCATALYST = NO;
				SUPPORTS_MAC_DESIGNED_FOR_IPHONE_IPAD = NO;
				SUPPORTS_XR_DESIGNED_FOR_IPHONE_IPAD = NO;
				SWIFT_EMIT_LOC_STRINGS = NO;
				SWIFT_VERSION = 5.0;
				TARGETED_DEVICE_FAMILY = 1;
				TEST_HOST = "$(BUILT_PRODUCTS_DIR)/iRoutesiOS.app/$(BUNDLE_EXECUTABLE_FOLDER_PATH)/iRoutesiOS";
			};
			name = Debug;
		};
		646EECBF2CD5E2080003CD85 /* Release */ = {
			isa = XCBuildConfiguration;
			buildSettings = {
				BUNDLE_LOADER = "$(TEST_HOST)";
				CODE_SIGN_STYLE = Manual;
				CURRENT_PROJECT_VERSION = 1;
				DEVELOPMENT_TEAM = "";
				GENERATE_INFOPLIST_FILE = YES;
				IPHONEOS_DEPLOYMENT_TARGET = 17.4;
				MARKETING_VERSION = 1.0;
				PRODUCT_BUNDLE_IDENTIFIER = com.mcarino.iRoutesiOSTests;
				PRODUCT_NAME = "$(TARGET_NAME)";
				PROVISIONING_PROFILE_SPECIFIER = "";
				SDKROOT = iphoneos;
				SUPPORTED_PLATFORMS = "iphoneos iphonesimulator";
				SUPPORTS_MACCATALYST = NO;
				SUPPORTS_MAC_DESIGNED_FOR_IPHONE_IPAD = NO;
				SUPPORTS_XR_DESIGNED_FOR_IPHONE_IPAD = NO;
				SWIFT_EMIT_LOC_STRINGS = NO;
				SWIFT_VERSION = 5.0;
				TARGETED_DEVICE_FAMILY = 1;
				TEST_HOST = "$(BUILT_PRODUCTS_DIR)/iRoutesiOS.app/$(BUNDLE_EXECUTABLE_FOLDER_PATH)/iRoutesiOS";
				VALIDATE_PRODUCT = YES;
			};
			name = Release;
		};
		646EECC12CD5E2080003CD85 /* Debug */ = {
			isa = XCBuildConfiguration;
			buildSettings = {
				CODE_SIGN_STYLE = Manual;
				CURRENT_PROJECT_VERSION = 1;
				DEVELOPMENT_TEAM = "";
				GENERATE_INFOPLIST_FILE = YES;
				IPHONEOS_DEPLOYMENT_TARGET = 17.4;
				MARKETING_VERSION = 1.0;
				PRODUCT_BUNDLE_IDENTIFIER = com.mcarino.iRoutesiOSUITests;
				PRODUCT_NAME = "$(TARGET_NAME)";
				PROVISIONING_PROFILE_SPECIFIER = "";
				SDKROOT = iphoneos;
				SUPPORTED_PLATFORMS = "iphoneos iphonesimulator";
				SUPPORTS_MACCATALYST = NO;
				SUPPORTS_MAC_DESIGNED_FOR_IPHONE_IPAD = NO;
				SUPPORTS_XR_DESIGNED_FOR_IPHONE_IPAD = NO;
				SWIFT_EMIT_LOC_STRINGS = NO;
				SWIFT_VERSION = 5.0;
				TARGETED_DEVICE_FAMILY = 1;
				TEST_TARGET_NAME = iRoutesiOS;
			};
			name = Debug;
		};
		646EECC22CD5E2080003CD85 /* Release */ = {
			isa = XCBuildConfiguration;
			buildSettings = {
				CODE_SIGN_STYLE = Manual;
				CURRENT_PROJECT_VERSION = 1;
				DEVELOPMENT_TEAM = "";
				GENERATE_INFOPLIST_FILE = YES;
				IPHONEOS_DEPLOYMENT_TARGET = 17.4;
				MARKETING_VERSION = 1.0;
				PRODUCT_BUNDLE_IDENTIFIER = com.mcarino.iRoutesiOSUITests;
				PRODUCT_NAME = "$(TARGET_NAME)";
				PROVISIONING_PROFILE_SPECIFIER = "";
				SDKROOT = iphoneos;
				SUPPORTED_PLATFORMS = "iphoneos iphonesimulator";
				SUPPORTS_MACCATALYST = NO;
				SUPPORTS_MAC_DESIGNED_FOR_IPHONE_IPAD = NO;
				SUPPORTS_XR_DESIGNED_FOR_IPHONE_IPAD = NO;
				SWIFT_EMIT_LOC_STRINGS = NO;
				SWIFT_VERSION = 5.0;
				TARGETED_DEVICE_FAMILY = 1;
				TEST_TARGET_NAME = iRoutesiOS;
				VALIDATE_PRODUCT = YES;
			};
			name = Release;
		};
		646EECEA2CD5E21B0003CD85 /* Debug */ = {
			isa = XCBuildConfiguration;
			buildSettings = {
				ASSETCATALOG_COMPILER_APPICON_NAME = AppIcon;
				ASSETCATALOG_COMPILER_GLOBAL_ACCENT_COLOR_NAME = AccentColor;
				CODE_SIGN_ENTITLEMENTS = iRoutesmacOS/iRoutesmacOS.entitlements;
				CODE_SIGN_STYLE = Manual;
				COMBINE_HIDPI_IMAGES = YES;
				CURRENT_PROJECT_VERSION = 1;
				DEVELOPMENT_ASSET_PATHS = "\"iRoutesmacOS/Preview Content\"";
				DEVELOPMENT_TEAM = "";
				ENABLE_PREVIEWS = YES;
				GENERATE_INFOPLIST_FILE = YES;
				INFOPLIST_KEY_NSHumanReadableCopyright = "";
				LD_RUNPATH_SEARCH_PATHS = (
					"$(inherited)",
					"@executable_path/../Frameworks",
				);
				MARKETING_VERSION = 1.0;
				PRODUCT_BUNDLE_IDENTIFIER = com.mcarino.iRoutesmacOS;
				PRODUCT_NAME = "$(TARGET_NAME)";
				PROVISIONING_PROFILE_SPECIFIER = "";
				SWIFT_EMIT_LOC_STRINGS = YES;
				SWIFT_VERSION = 5.0;
			};
			name = Debug;
		};
		646EECEB2CD5E21B0003CD85 /* Release */ = {
			isa = XCBuildConfiguration;
			buildSettings = {
				ASSETCATALOG_COMPILER_APPICON_NAME = AppIcon;
				ASSETCATALOG_COMPILER_GLOBAL_ACCENT_COLOR_NAME = AccentColor;
				CODE_SIGN_ENTITLEMENTS = iRoutesmacOS/iRoutesmacOS.entitlements;
				CODE_SIGN_STYLE = Manual;
				COMBINE_HIDPI_IMAGES = YES;
				CURRENT_PROJECT_VERSION = 1;
				DEVELOPMENT_ASSET_PATHS = "\"iRoutesmacOS/Preview Content\"";
				DEVELOPMENT_TEAM = "";
				ENABLE_PREVIEWS = YES;
				GENERATE_INFOPLIST_FILE = YES;
				INFOPLIST_KEY_NSHumanReadableCopyright = "";
				LD_RUNPATH_SEARCH_PATHS = (
					"$(inherited)",
					"@executable_path/../Frameworks",
				);
				MARKETING_VERSION = 1.0;
				PRODUCT_BUNDLE_IDENTIFIER = com.mcarino.iRoutesmacOS;
				PRODUCT_NAME = "$(TARGET_NAME)";
				PROVISIONING_PROFILE_SPECIFIER = "";
				SWIFT_EMIT_LOC_STRINGS = YES;
				SWIFT_VERSION = 5.0;
			};
			name = Release;
		};
		646EECED2CD5E21B0003CD85 /* Debug */ = {
			isa = XCBuildConfiguration;
			buildSettings = {
				BUNDLE_LOADER = "$(TEST_HOST)";
				CODE_SIGN_STYLE = Manual;
				CURRENT_PROJECT_VERSION = 1;
				DEVELOPMENT_TEAM = "";
				GENERATE_INFOPLIST_FILE = YES;
				MACOSX_DEPLOYMENT_TARGET = 14.5;
				MARKETING_VERSION = 1.0;
				PRODUCT_BUNDLE_IDENTIFIER = com.mcarino.iRoutesmacOSTests;
				PRODUCT_NAME = "$(TARGET_NAME)";
				PROVISIONING_PROFILE_SPECIFIER = "";
				SWIFT_EMIT_LOC_STRINGS = NO;
				SWIFT_VERSION = 5.0;
				TEST_HOST = "$(BUILT_PRODUCTS_DIR)/iRoutesmacOS.app/$(BUNDLE_EXECUTABLE_FOLDER_PATH)/iRoutesmacOS";
			};
			name = Debug;
		};
		646EECEE2CD5E21B0003CD85 /* Release */ = {
			isa = XCBuildConfiguration;
			buildSettings = {
				BUNDLE_LOADER = "$(TEST_HOST)";
				CODE_SIGN_STYLE = Manual;
				CURRENT_PROJECT_VERSION = 1;
				DEVELOPMENT_TEAM = "";
				GENERATE_INFOPLIST_FILE = YES;
				MACOSX_DEPLOYMENT_TARGET = 14.5;
				MARKETING_VERSION = 1.0;
				PRODUCT_BUNDLE_IDENTIFIER = com.mcarino.iRoutesmacOSTests;
				PRODUCT_NAME = "$(TARGET_NAME)";
				PROVISIONING_PROFILE_SPECIFIER = "";
				SWIFT_EMIT_LOC_STRINGS = NO;
				SWIFT_VERSION = 5.0;
				TEST_HOST = "$(BUILT_PRODUCTS_DIR)/iRoutesmacOS.app/$(BUNDLE_EXECUTABLE_FOLDER_PATH)/iRoutesmacOS";
			};
			name = Release;
		};
		646EECF02CD5E21B0003CD85 /* Debug */ = {
			isa = XCBuildConfiguration;
			buildSettings = {
				"CODE_SIGN_IDENTITY[sdk=macosx*]" = "-";
				CODE_SIGN_STYLE = Manual;
				CURRENT_PROJECT_VERSION = 1;
				DEVELOPMENT_TEAM = "";
				GENERATE_INFOPLIST_FILE = YES;
				MARKETING_VERSION = 1.0;
				PRODUCT_BUNDLE_IDENTIFIER = com.mcarino.iRoutesmacOSUITests;
				PRODUCT_NAME = "$(TARGET_NAME)";
				PROVISIONING_PROFILE_SPECIFIER = "";
				SWIFT_EMIT_LOC_STRINGS = NO;
				SWIFT_VERSION = 5.0;
				TEST_TARGET_NAME = iRoutesmacOS;
			};
			name = Debug;
		};
		646EECF12CD5E21B0003CD85 /* Release */ = {
			isa = XCBuildConfiguration;
			buildSettings = {
				"CODE_SIGN_IDENTITY[sdk=macosx*]" = "-";
				CODE_SIGN_STYLE = Manual;
				CURRENT_PROJECT_VERSION = 1;
				DEVELOPMENT_TEAM = "";
				GENERATE_INFOPLIST_FILE = YES;
				MARKETING_VERSION = 1.0;
				PRODUCT_BUNDLE_IDENTIFIER = com.mcarino.iRoutesmacOSUITests;
				PRODUCT_NAME = "$(TARGET_NAME)";
				PROVISIONING_PROFILE_SPECIFIER = "";
				SWIFT_EMIT_LOC_STRINGS = NO;
				SWIFT_VERSION = 5.0;
				TEST_TARGET_NAME = iRoutesmacOS;
			};
			name = Release;
		};
/* End XCBuildConfiguration section */

/* Begin XCConfigurationList section */
		64651E202CD5DB3200ACB799 /* Build configuration list for PBXProject "iRoutes" */ = {
			isa = XCConfigurationList;
			buildConfigurations = (
				64651E312CD5DB3200ACB799 /* Debug */,
				64651E322CD5DB3200ACB799 /* Release */,
			);
			defaultConfigurationIsVisible = 0;
			defaultConfigurationName = Release;
		};
		646EEC8F2CD5E1ED0003CD85 /* Build configuration list for PBXNativeTarget "iRoutes" */ = {
			isa = XCConfigurationList;
			buildConfigurations = (
				646EEC902CD5E1ED0003CD85 /* Debug */,
				646EEC912CD5E1ED0003CD85 /* Release */,
			);
			defaultConfigurationIsVisible = 0;
			defaultConfigurationName = Release;
		};
		646EEC922CD5E1ED0003CD85 /* Build configuration list for PBXNativeTarget "iRoutesTests" */ = {
			isa = XCConfigurationList;
			buildConfigurations = (
				646EEC932CD5E1ED0003CD85 /* Debug */,
				646EEC942CD5E1ED0003CD85 /* Release */,
			);
			defaultConfigurationIsVisible = 0;
			defaultConfigurationName = Release;
		};
		646EECBA2CD5E2080003CD85 /* Build configuration list for PBXNativeTarget "iRoutesiOS" */ = {
			isa = XCConfigurationList;
			buildConfigurations = (
				646EECBB2CD5E2080003CD85 /* Debug */,
				646EECBC2CD5E2080003CD85 /* Release */,
			);
			defaultConfigurationIsVisible = 0;
			defaultConfigurationName = Release;
		};
		646EECBD2CD5E2080003CD85 /* Build configuration list for PBXNativeTarget "iRoutesiOSTests" */ = {
			isa = XCConfigurationList;
			buildConfigurations = (
				646EECBE2CD5E2080003CD85 /* Debug */,
				646EECBF2CD5E2080003CD85 /* Release */,
			);
			defaultConfigurationIsVisible = 0;
			defaultConfigurationName = Release;
		};
		646EECC02CD5E2080003CD85 /* Build configuration list for PBXNativeTarget "iRoutesiOSUITests" */ = {
			isa = XCConfigurationList;
			buildConfigurations = (
				646EECC12CD5E2080003CD85 /* Debug */,
				646EECC22CD5E2080003CD85 /* Release */,
			);
			defaultConfigurationIsVisible = 0;
			defaultConfigurationName = Release;
		};
		646EECE92CD5E21B0003CD85 /* Build configuration list for PBXNativeTarget "iRoutesmacOS" */ = {
			isa = XCConfigurationList;
			buildConfigurations = (
				646EECEA2CD5E21B0003CD85 /* Debug */,
				646EECEB2CD5E21B0003CD85 /* Release */,
			);
			defaultConfigurationIsVisible = 0;
			defaultConfigurationName = Release;
		};
		646EECEC2CD5E21B0003CD85 /* Build configuration list for PBXNativeTarget "iRoutesmacOSTests" */ = {
			isa = XCConfigurationList;
			buildConfigurations = (
				646EECED2CD5E21B0003CD85 /* Debug */,
				646EECEE2CD5E21B0003CD85 /* Release */,
			);
			defaultConfigurationIsVisible = 0;
			defaultConfigurationName = Release;
		};
		646EECEF2CD5E21B0003CD85 /* Build configuration list for PBXNativeTarget "iRoutesmacOSUITests" */ = {
			isa = XCConfigurationList;
			buildConfigurations = (
				646EECF02CD5E21B0003CD85 /* Debug */,
				646EECF12CD5E21B0003CD85 /* Release */,
			);
			defaultConfigurationIsVisible = 0;
			defaultConfigurationName = Release;
		};
/* End XCConfigurationList section */
	};
	rootObject = 64651E1D2CD5DB3200ACB799 /* Project object */;
}
